// !$*UTF8*$!
{
	archiveVersion = 1;
	classes = {
	};
	objectVersion = 50;
	objects = {

/* Begin PBXBuildFile section */
		28BBDA3626CE38C400832156 /* LandmarksApp.swift in Sources */ = {isa = PBXBuildFile; fileRef = 28BBDA3526CE38C400832156 /* LandmarksApp.swift */; };
		28BBDA3826CE38C400832156 /* ContentView.swift in Sources */ = {isa = PBXBuildFile; fileRef = 28BBDA3726CE38C400832156 /* ContentView.swift */; };
		28BBDA3A26CE38CC00832156 /* Assets.xcassets in Resources */ = {isa = PBXBuildFile; fileRef = 28BBDA3926CE38CC00832156 /* Assets.xcassets */; };
		28BBDA3D26CE38CC00832156 /* Preview Assets.xcassets in Resources */ = {isa = PBXBuildFile; fileRef = 28BBDA3C26CE38CC00832156 /* Preview Assets.xcassets */; };
		28BBDA4626CE412200832156 /* CircleImage.swift in Sources */ = {isa = PBXBuildFile; fileRef = 28BBDA4526CE412200832156 /* CircleImage.swift */; };
		28BBDA4926CE435800832156 /* MapView.swift in Sources */ = {isa = PBXBuildFile; fileRef = 28BBDA4826CE435800832156 /* MapView.swift */; };
		28BBDA4C26CE4B0800832156 /* landmarkData.json in Resources */ = {isa = PBXBuildFile; fileRef = 28BBDA4B26CE4B0800832156 /* landmarkData.json */; };
		28BBDA4F26CE4B2200832156 /* Landmark.swift in Sources */ = {isa = PBXBuildFile; fileRef = 28BBDA4E26CE4B2200832156 /* Landmark.swift */; };
		28BBDA5226CE4E2800832156 /* ModelData.swift in Sources */ = {isa = PBXBuildFile; fileRef = 28BBDA5126CE4E2800832156 /* ModelData.swift */; };
		28BBDA5A26CE502100832156 /* LandmarkRow.swift in Sources */ = {isa = PBXBuildFile; fileRef = 28BBDA5926CE502100832156 /* LandmarkRow.swift */; };
		28BBDA5E26CE51D300832156 /* LandmarkList.swift in Sources */ = {isa = PBXBuildFile; fileRef = 28BBDA5D26CE51D300832156 /* LandmarkList.swift */; };
		28BBDA6126CE532300832156 /* LandmarkDetail.swift in Sources */ = {isa = PBXBuildFile; fileRef = 28BBDA6026CE532300832156 /* LandmarkDetail.swift */; };
		28BBDA6426CE64FB00832156 /* FavoriteButton.swift in Sources */ = {isa = PBXBuildFile; fileRef = 28BBDA6326CE64FB00832156 /* FavoriteButton.swift */; };
		28BBDA6A26CE6E1700832156 /* HexagonParameters.swift in Sources */ = {isa = PBXBuildFile; fileRef = 28BBDA6926CE6E1700832156 /* HexagonParameters.swift */; };
		28BBDA6D26CE701A00832156 /* BadgeBackground.swift in Sources */ = {isa = PBXBuildFile; fileRef = 28BBDA6C26CE701A00832156 /* BadgeBackground.swift */; };
		4D70E96D26CF8EF500F95090 /* Profile.swift in Sources */ = {isa = PBXBuildFile; fileRef = 4D70E96C26CF8EF500F95090 /* Profile.swift */; };
		4D70E97226CF902800F95090 /* ProfileHost.swift in Sources */ = {isa = PBXBuildFile; fileRef = 4D70E97126CF902800F95090 /* ProfileHost.swift */; };
		4D70E97426CF908200F95090 /* ProfileSummary.swift in Sources */ = {isa = PBXBuildFile; fileRef = 4D70E97326CF908200F95090 /* ProfileSummary.swift */; };
		4D70E97626CF931C00F95090 /* HikeBadge.swift in Sources */ = {isa = PBXBuildFile; fileRef = 4D70E97526CF931C00F95090 /* HikeBadge.swift */; };
		4D70E97826CF992D00F95090 /* ProfileEditor.swift in Sources */ = {isa = PBXBuildFile; fileRef = 4D70E97726CF992D00F95090 /* ProfileEditor.swift */; };
		4D70E97B26CFA4D100F95090 /* PageViewContoller.swift in Sources */ = {isa = PBXBuildFile; fileRef = 4D70E97A26CFA4D100F95090 /* PageViewContoller.swift */; };
		4D70E97D26CFB13800F95090 /* FeatureCard.swift in Sources */ = {isa = PBXBuildFile; fileRef = 4D70E97C26CFB13800F95090 /* FeatureCard.swift */; };
		4D70E97F26CFB39500F95090 /* PageView.swift in Sources */ = {isa = PBXBuildFile; fileRef = 4D70E97E26CFB39500F95090 /* PageView.swift */; };
		4D70E98126CFB80600F95090 /* PageControl.swift in Sources */ = {isa = PBXBuildFile; fileRef = 4D70E98026CFB80600F95090 /* PageControl.swift */; };
		4DD9C67A26CE9865006E21A5 /* BadgeSymbol.swift in Sources */ = {isa = PBXBuildFile; fileRef = 4DD9C67926CE9865006E21A5 /* BadgeSymbol.swift */; };
		4DD9C67C26CE997C006E21A5 /* RotatedBadgeSymbol.swift in Sources */ = {isa = PBXBuildFile; fileRef = 4DD9C67B26CE997C006E21A5 /* RotatedBadgeSymbol.swift */; };
		4DD9C67E26CEA034006E21A5 /* Badge.swift in Sources */ = {isa = PBXBuildFile; fileRef = 4DD9C67D26CEA034006E21A5 /* Badge.swift */; };
		4DD9C68126CEA645006E21A5 /* hikeData.json in Resources */ = {isa = PBXBuildFile; fileRef = 4DD9C68026CEA645006E21A5 /* hikeData.json */; };
		4DD9C68626CEA68D006E21A5 /* Hike.swift in Sources */ = {isa = PBXBuildFile; fileRef = 4DD9C68526CEA68D006E21A5 /* Hike.swift */; };
		4DD9C68C26CEA7D4006E21A5 /* GraphCapsule.swift in Sources */ = {isa = PBXBuildFile; fileRef = 4DD9C68826CEA7D4006E21A5 /* GraphCapsule.swift */; };
		4DD9C68D26CEA7D4006E21A5 /* HikeGraph.swift in Sources */ = {isa = PBXBuildFile; fileRef = 4DD9C68926CEA7D4006E21A5 /* HikeGraph.swift */; };
		4DD9C68E26CEA7D4006E21A5 /* HikeDetail.swift in Sources */ = {isa = PBXBuildFile; fileRef = 4DD9C68A26CEA7D4006E21A5 /* HikeDetail.swift */; };
		4DD9C68F26CEA7D4006E21A5 /* HikeView.swift in Sources */ = {isa = PBXBuildFile; fileRef = 4DD9C68B26CEA7D4006E21A5 /* HikeView.swift */; };
		4DD9C69226CEB238006E21A5 /* CategoryHome.swift in Sources */ = {isa = PBXBuildFile; fileRef = 4DD9C69126CEB238006E21A5 /* CategoryHome.swift */; };
		4DD9C69426CEB90C006E21A5 /* CategoryRow.swift in Sources */ = {isa = PBXBuildFile; fileRef = 4DD9C69326CEB90C006E21A5 /* CategoryRow.swift */; };
		4DD9C69626CEBB7D006E21A5 /* CategoryItem.swift in Sources */ = {isa = PBXBuildFile; fileRef = 4DD9C69526CEBB7D006E21A5 /* CategoryItem.swift */; };
/* End PBXBuildFile section */

/* Begin PBXFileReference section */
		28BBDA3226CE38C400832156 /* Landmarks.app */ = {isa = PBXFileReference; explicitFileType = wrapper.application; includeInIndex = 0; path = Landmarks.app; sourceTree = BUILT_PRODUCTS_DIR; };
		28BBDA3526CE38C400832156 /* LandmarksApp.swift */ = {isa = PBXFileReference; lastKnownFileType = sourcecode.swift; path = LandmarksApp.swift; sourceTree = "<group>"; };
		28BBDA3726CE38C400832156 /* ContentView.swift */ = {isa = PBXFileReference; lastKnownFileType = sourcecode.swift; path = ContentView.swift; sourceTree = "<group>"; };
		28BBDA3926CE38CC00832156 /* Assets.xcassets */ = {isa = PBXFileReference; lastKnownFileType = folder.assetcatalog; path = Assets.xcassets; sourceTree = "<group>"; };
		28BBDA3C26CE38CC00832156 /* Preview Assets.xcassets */ = {isa = PBXFileReference; lastKnownFileType = folder.assetcatalog; path = "Preview Assets.xcassets"; sourceTree = "<group>"; };
		28BBDA3E26CE38CC00832156 /* Info.plist */ = {isa = PBXFileReference; lastKnownFileType = text.plist.xml; path = Info.plist; sourceTree = "<group>"; };
		28BBDA4526CE412200832156 /* CircleImage.swift */ = {isa = PBXFileReference; lastKnownFileType = sourcecode.swift; path = CircleImage.swift; sourceTree = "<group>"; };
		28BBDA4826CE435800832156 /* MapView.swift */ = {isa = PBXFileReference; lastKnownFileType = sourcecode.swift; path = MapView.swift; sourceTree = "<group>"; };
		28BBDA4B26CE4B0800832156 /* landmarkData.json */ = {isa = PBXFileReference; fileEncoding = 4; lastKnownFileType = text.json; path = landmarkData.json; sourceTree = "<group>"; };
		28BBDA4E26CE4B2200832156 /* Landmark.swift */ = {isa = PBXFileReference; lastKnownFileType = sourcecode.swift; path = Landmark.swift; sourceTree = "<group>"; };
		28BBDA5126CE4E2800832156 /* ModelData.swift */ = {isa = PBXFileReference; lastKnownFileType = sourcecode.swift; path = ModelData.swift; sourceTree = "<group>"; };
		28BBDA5926CE502100832156 /* LandmarkRow.swift */ = {isa = PBXFileReference; lastKnownFileType = sourcecode.swift; path = LandmarkRow.swift; sourceTree = "<group>"; };
		28BBDA5D26CE51D300832156 /* LandmarkList.swift */ = {isa = PBXFileReference; lastKnownFileType = sourcecode.swift; path = LandmarkList.swift; sourceTree = "<group>"; };
		28BBDA6026CE532300832156 /* LandmarkDetail.swift */ = {isa = PBXFileReference; lastKnownFileType = sourcecode.swift; path = LandmarkDetail.swift; sourceTree = "<group>"; };
		28BBDA6326CE64FB00832156 /* FavoriteButton.swift */ = {isa = PBXFileReference; lastKnownFileType = sourcecode.swift; path = FavoriteButton.swift; sourceTree = "<group>"; };
		28BBDA6926CE6E1700832156 /* HexagonParameters.swift */ = {isa = PBXFileReference; lastKnownFileType = sourcecode.swift; path = HexagonParameters.swift; sourceTree = "<group>"; };
		28BBDA6C26CE701A00832156 /* BadgeBackground.swift */ = {isa = PBXFileReference; lastKnownFileType = sourcecode.swift; path = BadgeBackground.swift; sourceTree = "<group>"; };
		4D70E96C26CF8EF500F95090 /* Profile.swift */ = {isa = PBXFileReference; lastKnownFileType = sourcecode.swift; path = Profile.swift; sourceTree = "<group>"; };
		4D70E97126CF902800F95090 /* ProfileHost.swift */ = {isa = PBXFileReference; lastKnownFileType = sourcecode.swift; path = ProfileHost.swift; sourceTree = "<group>"; };
		4D70E97326CF908200F95090 /* ProfileSummary.swift */ = {isa = PBXFileReference; lastKnownFileType = sourcecode.swift; path = ProfileSummary.swift; sourceTree = "<group>"; };
		4D70E97526CF931C00F95090 /* HikeBadge.swift */ = {isa = PBXFileReference; lastKnownFileType = sourcecode.swift; path = HikeBadge.swift; sourceTree = "<group>"; };
		4D70E97726CF992D00F95090 /* ProfileEditor.swift */ = {isa = PBXFileReference; lastKnownFileType = sourcecode.swift; path = ProfileEditor.swift; sourceTree = "<group>"; };
		4D70E97A26CFA4D100F95090 /* PageViewContoller.swift */ = {isa = PBXFileReference; lastKnownFileType = sourcecode.swift; path = PageViewContoller.swift; sourceTree = "<group>"; };
		4D70E97C26CFB13800F95090 /* FeatureCard.swift */ = {isa = PBXFileReference; lastKnownFileType = sourcecode.swift; path = FeatureCard.swift; sourceTree = "<group>"; };
		4D70E97E26CFB39500F95090 /* PageView.swift */ = {isa = PBXFileReference; lastKnownFileType = sourcecode.swift; path = PageView.swift; sourceTree = "<group>"; };
		4D70E98026CFB80600F95090 /* PageControl.swift */ = {isa = PBXFileReference; lastKnownFileType = sourcecode.swift; path = PageControl.swift; sourceTree = "<group>"; };
		4DD9C67926CE9865006E21A5 /* BadgeSymbol.swift */ = {isa = PBXFileReference; lastKnownFileType = sourcecode.swift; path = BadgeSymbol.swift; sourceTree = "<group>"; };
		4DD9C67B26CE997C006E21A5 /* RotatedBadgeSymbol.swift */ = {isa = PBXFileReference; lastKnownFileType = sourcecode.swift; path = RotatedBadgeSymbol.swift; sourceTree = "<group>"; };
		4DD9C67D26CEA034006E21A5 /* Badge.swift */ = {isa = PBXFileReference; lastKnownFileType = sourcecode.swift; path = Badge.swift; sourceTree = "<group>"; };
		4DD9C68026CEA645006E21A5 /* hikeData.json */ = {isa = PBXFileReference; fileEncoding = 4; lastKnownFileType = text.json; path = hikeData.json; sourceTree = "<group>"; };
		4DD9C68526CEA68D006E21A5 /* Hike.swift */ = {isa = PBXFileReference; lastKnownFileType = sourcecode.swift; name = Hike.swift; path = Landmarks/Hike.swift; sourceTree = SOURCE_ROOT; };
		4DD9C68826CEA7D4006E21A5 /* GraphCapsule.swift */ = {isa = PBXFileReference; fileEncoding = 4; lastKnownFileType = sourcecode.swift; path = GraphCapsule.swift; sourceTree = "<group>"; };
		4DD9C68926CEA7D4006E21A5 /* HikeGraph.swift */ = {isa = PBXFileReference; fileEncoding = 4; lastKnownFileType = sourcecode.swift; path = HikeGraph.swift; sourceTree = "<group>"; };
		4DD9C68A26CEA7D4006E21A5 /* HikeDetail.swift */ = {isa = PBXFileReference; fileEncoding = 4; lastKnownFileType = sourcecode.swift; path = HikeDetail.swift; sourceTree = "<group>"; };
		4DD9C68B26CEA7D4006E21A5 /* HikeView.swift */ = {isa = PBXFileReference; fileEncoding = 4; lastKnownFileType = sourcecode.swift; path = HikeView.swift; sourceTree = "<group>"; };
		4DD9C69126CEB238006E21A5 /* CategoryHome.swift */ = {isa = PBXFileReference; lastKnownFileType = sourcecode.swift; path = CategoryHome.swift; sourceTree = "<group>"; };
		4DD9C69326CEB90C006E21A5 /* CategoryRow.swift */ = {isa = PBXFileReference; lastKnownFileType = sourcecode.swift; path = CategoryRow.swift; sourceTree = "<group>"; };
		4DD9C69526CEBB7D006E21A5 /* CategoryItem.swift */ = {isa = PBXFileReference; lastKnownFileType = sourcecode.swift; path = CategoryItem.swift; sourceTree = "<group>"; };
/* End PBXFileReference section */

/* Begin PBXFrameworksBuildPhase section */
		28BBDA2F26CE38C400832156 /* Frameworks */ = {
			isa = PBXFrameworksBuildPhase;
			buildActionMask = 2147483647;
			files = (
			);
			runOnlyForDeploymentPostprocessing = 0;
		};
/* End PBXFrameworksBuildPhase section */

/* Begin PBXGroup section */
		28BBDA2926CE38C400832156 = {
			isa = PBXGroup;
			children = (
				28BBDA3426CE38C400832156 /* Landmarks */,
				28BBDA3326CE38C400832156 /* Products */,
			);
			sourceTree = "<group>";
		};
		28BBDA3326CE38C400832156 /* Products */ = {
			isa = PBXGroup;
			children = (
				28BBDA3226CE38C400832156 /* Landmarks.app */,
			);
			name = Products;
			sourceTree = "<group>";
		};
		28BBDA3426CE38C400832156 /* Landmarks */ = {
			isa = PBXGroup;
			children = (
				28BBDA3526CE38C400832156 /* LandmarksApp.swift */,
				4DD9C67F26CEA279006E21A5 /* Badges */,
				28BBDA5426CE4FA800832156 /* Views */,
				28BBDA5526CE4FB900832156 /* Model */,
				28BBDA5626CE4FCB00832156 /* Resources */,
				28BBDA3926CE38CC00832156 /* Assets.xcassets */,
				28BBDA3E26CE38CC00832156 /* Info.plist */,
				28BBDA3B26CE38CC00832156 /* Preview Content */,
			);
			path = Landmarks;
			sourceTree = "<group>";
		};
		28BBDA3B26CE38CC00832156 /* Preview Content */ = {
			isa = PBXGroup;
			children = (
				28BBDA3C26CE38CC00832156 /* Preview Assets.xcassets */,
			);
			path = "Preview Content";
			sourceTree = "<group>";
		};
		28BBDA5426CE4FA800832156 /* Views */ = {
			isa = PBXGroup;
			children = (
				28BBDA3726CE38C400832156 /* ContentView.swift */,
				4D70E97926CFA4BB00F95090 /* PageView */,
				4D70E96E26CF8FF000F95090 /* Profiles */,
				4DD9C69026CEB223006E21A5 /* Categories */,
				4DD9C68726CEA7D4006E21A5 /* Hikes */,
				28BBDA6626CE663200832156 /* Landmarks */,
				28BBDA6726CE664700832156 /* Helpers */,
			);
			path = Views;
			sourceTree = "<group>";
		};
		28BBDA5526CE4FB900832156 /* Model */ = {
			isa = PBXGroup;
			children = (
				4DD9C68526CEA68D006E21A5 /* Hike.swift */,
				28BBDA5126CE4E2800832156 /* ModelData.swift */,
				28BBDA4E26CE4B2200832156 /* Landmark.swift */,
				4D70E96C26CF8EF500F95090 /* Profile.swift */,
			);
			path = Model;
			sourceTree = "<group>";
		};
		28BBDA5626CE4FCB00832156 /* Resources */ = {
			isa = PBXGroup;
			children = (
				4DD9C68026CEA645006E21A5 /* hikeData.json */,
				28BBDA4B26CE4B0800832156 /* landmarkData.json */,
			);
			path = Resources;
			sourceTree = "<group>";
		};
		28BBDA6626CE663200832156 /* Landmarks */ = {
			isa = PBXGroup;
			children = (
				28BBDA5926CE502100832156 /* LandmarkRow.swift */,
				28BBDA5D26CE51D300832156 /* LandmarkList.swift */,
				28BBDA6026CE532300832156 /* LandmarkDetail.swift */,
			);
			path = Landmarks;
			sourceTree = "<group>";
		};
		28BBDA6726CE664700832156 /* Helpers */ = {
			isa = PBXGroup;
			children = (
				28BBDA4526CE412200832156 /* CircleImage.swift */,
				28BBDA4826CE435800832156 /* MapView.swift */,
				28BBDA6326CE64FB00832156 /* FavoriteButton.swift */,
			);
			path = Helpers;
			sourceTree = "<group>";
		};
		4D70E96E26CF8FF000F95090 /* Profiles */ = {
			isa = PBXGroup;
			children = (
				4D70E97126CF902800F95090 /* ProfileHost.swift */,
				4D70E97326CF908200F95090 /* ProfileSummary.swift */,
				4D70E97726CF992D00F95090 /* ProfileEditor.swift */,
			);
			path = Profiles;
			sourceTree = "<group>";
		};
		4D70E97926CFA4BB00F95090 /* PageView */ = {
			isa = PBXGroup;
			children = (
				4D70E97A26CFA4D100F95090 /* PageViewContoller.swift */,
				4D70E97C26CFB13800F95090 /* FeatureCard.swift */,
				4D70E97E26CFB39500F95090 /* PageView.swift */,
				4D70E98026CFB80600F95090 /* PageControl.swift */,
			);
			path = PageView;
			sourceTree = "<group>";
		};
		4DD9C67F26CEA279006E21A5 /* Badges */ = {
			isa = PBXGroup;
			children = (
				4DD9C67D26CEA034006E21A5 /* Badge.swift */,
				28BBDA6C26CE701A00832156 /* BadgeBackground.swift */,
				4DD9C67926CE9865006E21A5 /* BadgeSymbol.swift */,
				28BBDA6926CE6E1700832156 /* HexagonParameters.swift */,
				4DD9C67B26CE997C006E21A5 /* RotatedBadgeSymbol.swift */,
			);
			path = Badges;
			sourceTree = "<group>";
		};
		4DD9C68726CEA7D4006E21A5 /* Hikes */ = {
			isa = PBXGroup;
			children = (
				4DD9C68826CEA7D4006E21A5 /* GraphCapsule.swift */,
				4DD9C68926CEA7D4006E21A5 /* HikeGraph.swift */,
				4DD9C68A26CEA7D4006E21A5 /* HikeDetail.swift */,
				4DD9C68B26CEA7D4006E21A5 /* HikeView.swift */,
				4D70E97526CF931C00F95090 /* HikeBadge.swift */,
			);
			path = Hikes;
			sourceTree = "<group>";
		};
		4DD9C69026CEB223006E21A5 /* Categories */ = {
			isa = PBXGroup;
			children = (
				4DD9C69126CEB238006E21A5 /* CategoryHome.swift */,
				4DD9C69326CEB90C006E21A5 /* CategoryRow.swift */,
				4DD9C69526CEBB7D006E21A5 /* CategoryItem.swift */,
			);
			path = Categories;
			sourceTree = "<group>";
		};
/* End PBXGroup section */

/* Begin PBXNativeTarget section */
		28BBDA3126CE38C400832156 /* Landmarks */ = {
			isa = PBXNativeTarget;
			buildConfigurationList = 28BBDA4126CE38CC00832156 /* Build configuration list for PBXNativeTarget "Landmarks" */;
			buildPhases = (
				28BBDA2E26CE38C400832156 /* Sources */,
				28BBDA2F26CE38C400832156 /* Frameworks */,
				28BBDA3026CE38C400832156 /* Resources */,
			);
			buildRules = (
			);
			dependencies = (
			);
			name = Landmarks;
			productName = Landmarks;
			productReference = 28BBDA3226CE38C400832156 /* Landmarks.app */;
			productType = "com.apple.product-type.application";
		};
/* End PBXNativeTarget section */

/* Begin PBXProject section */
		28BBDA2A26CE38C400832156 /* Project object */ = {
			isa = PBXProject;
			attributes = {
				LastSwiftUpdateCheck = 1240;
				LastUpgradeCheck = 1240;
				TargetAttributes = {
					28BBDA3126CE38C400832156 = {
						CreatedOnToolsVersion = 12.4;
					};
				};
			};
			buildConfigurationList = 28BBDA2D26CE38C400832156 /* Build configuration list for PBXProject "Landmarks" */;
			compatibilityVersion = "Xcode 9.3";
			developmentRegion = en;
			hasScannedForEncodings = 0;
			knownRegions = (
				en,
				Base,
			);
			mainGroup = 28BBDA2926CE38C400832156;
			productRefGroup = 28BBDA3326CE38C400832156 /* Products */;
			projectDirPath = "";
			projectRoot = "";
			targets = (
				28BBDA3126CE38C400832156 /* Landmarks */,
			);
		};
/* End PBXProject section */

/* Begin PBXResourcesBuildPhase section */
		28BBDA3026CE38C400832156 /* Resources */ = {
			isa = PBXResourcesBuildPhase;
			buildActionMask = 2147483647;
			files = (
				4DD9C68126CEA645006E21A5 /* hikeData.json in Resources */,
				28BBDA3D26CE38CC00832156 /* Preview Assets.xcassets in Resources */,
				28BBDA3A26CE38CC00832156 /* Assets.xcassets in Resources */,
				28BBDA4C26CE4B0800832156 /* landmarkData.json in Resources */,
			);
			runOnlyForDeploymentPostprocessing = 0;
		};
/* End PBXResourcesBuildPhase section */

/* Begin PBXSourcesBuildPhase section */
		28BBDA2E26CE38C400832156 /* Sources */ = {
			isa = PBXSourcesBuildPhase;
			buildActionMask = 2147483647;
			files = (
				4DD9C69426CEB90C006E21A5 /* CategoryRow.swift in Sources */,
				4D70E96D26CF8EF500F95090 /* Profile.swift in Sources */,
				28BBDA3826CE38C400832156 /* ContentView.swift in Sources */,
				4DD9C69226CEB238006E21A5 /* CategoryHome.swift in Sources */,
				4D70E97D26CFB13800F95090 /* FeatureCard.swift in Sources */,
				4DD9C68D26CEA7D4006E21A5 /* HikeGraph.swift in Sources */,
				4DD9C67E26CEA034006E21A5 /* Badge.swift in Sources */,
				28BBDA4926CE435800832156 /* MapView.swift in Sources */,
				4DD9C68C26CEA7D4006E21A5 /* GraphCapsule.swift in Sources */,
				28BBDA3626CE38C400832156 /* LandmarksApp.swift in Sources */,
				4D70E98126CFB80600F95090 /* PageControl.swift in Sources */,
				28BBDA6426CE64FB00832156 /* FavoriteButton.swift in Sources */,
				4DD9C69626CEBB7D006E21A5 /* CategoryItem.swift in Sources */,
				4DD9C68E26CEA7D4006E21A5 /* HikeDetail.swift in Sources */,
				4D70E97426CF908200F95090 /* ProfileSummary.swift in Sources */,
				28BBDA6A26CE6E1700832156 /* HexagonParameters.swift in Sources */,
				4D70E97B26CFA4D100F95090 /* PageViewContoller.swift in Sources */,
				4D70E97226CF902800F95090 /* ProfileHost.swift in Sources */,
				4DD9C68626CEA68D006E21A5 /* Hike.swift in Sources */,
				4D70E97F26CFB39500F95090 /* PageView.swift in Sources */,
				4DD9C67C26CE997C006E21A5 /* RotatedBadgeSymbol.swift in Sources */,
				4DD9C67A26CE9865006E21A5 /* BadgeSymbol.swift in Sources */,
				4D70E97826CF992D00F95090 /* ProfileEditor.swift in Sources */,
				28BBDA5E26CE51D300832156 /* LandmarkList.swift in Sources */,
				4DD9C68F26CEA7D4006E21A5 /* HikeView.swift in Sources */,
				28BBDA6126CE532300832156 /* LandmarkDetail.swift in Sources */,
				28BBDA6D26CE701A00832156 /* BadgeBackground.swift in Sources */,
				4D70E97626CF931C00F95090 /* HikeBadge.swift in Sources */,
				28BBDA4626CE412200832156 /* CircleImage.swift in Sources */,
				28BBDA4F26CE4B2200832156 /* Landmark.swift in Sources */,
				28BBDA5A26CE502100832156 /* LandmarkRow.swift in Sources */,
				28BBDA5226CE4E2800832156 /* ModelData.swift in Sources */,
			);
			runOnlyForDeploymentPostprocessing = 0;
		};
/* End PBXSourcesBuildPhase section */

/* Begin XCBuildConfiguration section */
		28BBDA3F26CE38CC00832156 /* Debug */ = {
			isa = XCBuildConfiguration;
			buildSettings = {
				ALWAYS_SEARCH_USER_PATHS = NO;
				CLANG_ANALYZER_NONNULL = YES;
				CLANG_ANALYZER_NUMBER_OBJECT_CONVERSION = YES_AGGRESSIVE;
				CLANG_CXX_LANGUAGE_STANDARD = "gnu++14";
				CLANG_CXX_LIBRARY = "libc++";
				CLANG_ENABLE_MODULES = YES;
				CLANG_ENABLE_OBJC_ARC = YES;
				CLANG_ENABLE_OBJC_WEAK = YES;
				CLANG_WARN_BLOCK_CAPTURE_AUTORELEASING = YES;
				CLANG_WARN_BOOL_CONVERSION = YES;
				CLANG_WARN_COMMA = YES;
				CLANG_WARN_CONSTANT_CONVERSION = YES;
				CLANG_WARN_DEPRECATED_OBJC_IMPLEMENTATIONS = YES;
				CLANG_WARN_DIRECT_OBJC_ISA_USAGE = YES_ERROR;
				CLANG_WARN_DOCUMENTATION_COMMENTS = YES;
				CLANG_WARN_EMPTY_BODY = YES;
				CLANG_WARN_ENUM_CONVERSION = YES;
				CLANG_WARN_INFINITE_RECURSION = YES;
				CLANG_WARN_INT_CONVERSION = YES;
				CLANG_WARN_NON_LITERAL_NULL_CONVERSION = YES;
				CLANG_WARN_OBJC_IMPLICIT_RETAIN_SELF = YES;
				CLANG_WARN_OBJC_LITERAL_CONVERSION = YES;
				CLANG_WARN_OBJC_ROOT_CLASS = YES_ERROR;
				CLANG_WARN_QUOTED_INCLUDE_IN_FRAMEWORK_HEADER = YES;
				CLANG_WARN_RANGE_LOOP_ANALYSIS = YES;
				CLANG_WARN_STRICT_PROTOTYPES = YES;
				CLANG_WARN_SUSPICIOUS_MOVE = YES;
				CLANG_WARN_UNGUARDED_AVAILABILITY = YES_AGGRESSIVE;
				CLANG_WARN_UNREACHABLE_CODE = YES;
				CLANG_WARN__DUPLICATE_METHOD_MATCH = YES;
				COPY_PHASE_STRIP = NO;
				DEBUG_INFORMATION_FORMAT = dwarf;
				ENABLE_STRICT_OBJC_MSGSEND = YES;
				ENABLE_TESTABILITY = YES;
				GCC_C_LANGUAGE_STANDARD = gnu11;
				GCC_DYNAMIC_NO_PIC = NO;
				GCC_NO_COMMON_BLOCKS = YES;
				GCC_OPTIMIZATION_LEVEL = 0;
				GCC_PREPROCESSOR_DEFINITIONS = (
					"DEBUG=1",
					"$(inherited)",
				);
				GCC_WARN_64_TO_32_BIT_CONVERSION = YES;
				GCC_WARN_ABOUT_RETURN_TYPE = YES_ERROR;
				GCC_WARN_UNDECLARED_SELECTOR = YES;
				GCC_WARN_UNINITIALIZED_AUTOS = YES_AGGRESSIVE;
				GCC_WARN_UNUSED_FUNCTION = YES;
				GCC_WARN_UNUSED_VARIABLE = YES;
				IPHONEOS_DEPLOYMENT_TARGET = 14.4;
				MTL_ENABLE_DEBUG_INFO = INCLUDE_SOURCE;
				MTL_FAST_MATH = YES;
				ONLY_ACTIVE_ARCH = YES;
				SDKROOT = iphoneos;
				SWIFT_ACTIVE_COMPILATION_CONDITIONS = DEBUG;
				SWIFT_OPTIMIZATION_LEVEL = "-Onone";
			};
			name = Debug;
		};
		28BBDA4026CE38CC00832156 /* Release */ = {
			isa = XCBuildConfiguration;
			buildSettings = {
				ALWAYS_SEARCH_USER_PATHS = NO;
				CLANG_ANALYZER_NONNULL = YES;
				CLANG_ANALYZER_NUMBER_OBJECT_CONVERSION = YES_AGGRESSIVE;
				CLANG_CXX_LANGUAGE_STANDARD = "gnu++14";
				CLANG_CXX_LIBRARY = "libc++";
				CLANG_ENABLE_MODULES = YES;
				CLANG_ENABLE_OBJC_ARC = YES;
				CLANG_ENABLE_OBJC_WEAK = YES;
				CLANG_WARN_BLOCK_CAPTURE_AUTORELEASING = YES;
				CLANG_WARN_BOOL_CONVERSION = YES;
				CLANG_WARN_COMMA = YES;
				CLANG_WARN_CONSTANT_CONVERSION = YES;
				CLANG_WARN_DEPRECATED_OBJC_IMPLEMENTATIONS = YES;
				CLANG_WARN_DIRECT_OBJC_ISA_USAGE = YES_ERROR;
				CLANG_WARN_DOCUMENTATION_COMMENTS = YES;
				CLANG_WARN_EMPTY_BODY = YES;
				CLANG_WARN_ENUM_CONVERSION = YES;
				CLANG_WARN_INFINITE_RECURSION = YES;
				CLANG_WARN_INT_CONVERSION = YES;
				CLANG_WARN_NON_LITERAL_NULL_CONVERSION = YES;
				CLANG_WARN_OBJC_IMPLICIT_RETAIN_SELF = YES;
				CLANG_WARN_OBJC_LITERAL_CONVERSION = YES;
				CLANG_WARN_OBJC_ROOT_CLASS = YES_ERROR;
				CLANG_WARN_QUOTED_INCLUDE_IN_FRAMEWORK_HEADER = YES;
				CLANG_WARN_RANGE_LOOP_ANALYSIS = YES;
				CLANG_WARN_STRICT_PROTOTYPES = YES;
				CLANG_WARN_SUSPICIOUS_MOVE = YES;
				CLANG_WARN_UNGUARDED_AVAILABILITY = YES_AGGRESSIVE;
				CLANG_WARN_UNREACHABLE_CODE = YES;
				CLANG_WARN__DUPLICATE_METHOD_MATCH = YES;
				COPY_PHASE_STRIP = NO;
				DEBUG_INFORMATION_FORMAT = "dwarf-with-dsym";
				ENABLE_NS_ASSERTIONS = NO;
				ENABLE_STRICT_OBJC_MSGSEND = YES;
				GCC_C_LANGUAGE_STANDARD = gnu11;
				GCC_NO_COMMON_BLOCKS = YES;
				GCC_WARN_64_TO_32_BIT_CONVERSION = YES;
				GCC_WARN_ABOUT_RETURN_TYPE = YES_ERROR;
				GCC_WARN_UNDECLARED_SELECTOR = YES;
				GCC_WARN_UNINITIALIZED_AUTOS = YES_AGGRESSIVE;
				GCC_WARN_UNUSED_FUNCTION = YES;
				GCC_WARN_UNUSED_VARIABLE = YES;
				IPHONEOS_DEPLOYMENT_TARGET = 14.4;
				MTL_ENABLE_DEBUG_INFO = NO;
				MTL_FAST_MATH = YES;
				SDKROOT = iphoneos;
				SWIFT_COMPILATION_MODE = wholemodule;
				SWIFT_OPTIMIZATION_LEVEL = "-O";
				VALIDATE_PRODUCT = YES;
			};
			name = Release;
		};
		28BBDA4226CE38CC00832156 /* Debug */ = {
			isa = XCBuildConfiguration;
			buildSettings = {
				ASSETCATALOG_COMPILER_APPICON_NAME = AppIcon;
				ASSETCATALOG_COMPILER_GLOBAL_ACCENT_COLOR_NAME = AccentColor;
				CODE_SIGN_STYLE = Automatic;
				DEVELOPMENT_ASSET_PATHS = "\"Landmarks/Preview Content\"";
				ENABLE_PREVIEWS = YES;
				INFOPLIST_FILE = Landmarks/Info.plist;
				IPHONEOS_DEPLOYMENT_TARGET = 14.0;
				LD_RUNPATH_SEARCH_PATHS = (
					"$(inherited)",
					"@executable_path/Frameworks",
				);
				PRODUCT_BUNDLE_IDENTIFIER = Marko.Landmarks;
				PRODUCT_NAME = "$(TARGET_NAME)";
				SWIFT_VERSION = 5.0;
				TARGETED_DEVICE_FAMILY = "1,2";
			};
			name = Debug;
		};
		28BBDA4326CE38CC00832156 /* Release */ = {
			isa = XCBuildConfiguration;
			buildSettings = {
				ASSETCATALOG_COMPILER_APPICON_NAME = AppIcon;
				ASSETCATALOG_COMPILER_GLOBAL_ACCENT_COLOR_NAME = AccentColor;
				CODE_SIGN_STYLE = Automatic;
				DEVELOPMENT_ASSET_PATHS = "\"Landmarks/Preview Content\"";
				ENABLE_PREVIEWS = YES;
				INFOPLIST_FILE = Landmarks/Info.plist;
				IPHONEOS_DEPLOYMENT_TARGET = 14.0;
				LD_RUNPATH_SEARCH_PATHS = (
					"$(inherited)",
					"@executable_path/Frameworks",
				);
				PRODUCT_BUNDLE_IDENTIFIER = Marko.Landmarks;
				PRODUCT_NAME = "$(TARGET_NAME)";
				SWIFT_VERSION = 5.0;
				TARGETED_DEVICE_FAMILY = "1,2";
			};
			name = Release;
		};
/* End XCBuildConfiguration section */

/* Begin XCConfigurationList section */
		28BBDA2D26CE38C400832156 /* Build configuration list for PBXProject "Landmarks" */ = {
			isa = XCConfigurationList;
			buildConfigurations = (
				28BBDA3F26CE38CC00832156 /* Debug */,
				28BBDA4026CE38CC00832156 /* Release */,
			);
			defaultConfigurationIsVisible = 0;
			defaultConfigurationName = Release;
		};
		28BBDA4126CE38CC00832156 /* Build configuration list for PBXNativeTarget "Landmarks" */ = {
			isa = XCConfigurationList;
			buildConfigurations = (
				28BBDA4226CE38CC00832156 /* Debug */,
				28BBDA4326CE38CC00832156 /* Release */,
			);
			defaultConfigurationIsVisible = 0;
			defaultConfigurationName = Release;
		};
/* End XCConfigurationList section */
	};
	rootObject = 28BBDA2A26CE38C400832156 /* Project object */;
}
